
Microsoft Visual Studio Solution File, Format Version 12.00
# Visual Studio Version 17
VisualStudioVersion = 17.0.32014.148
MinimumVisualStudioVersion = 10.0.40219.1
Project("{FAE04EC0-301F-11D3-BF4B-00C04F79EFBC}") = "textured-raycast", "game\textured-raycast.csproj", "{4F78BC3C-5AC6-46E7-B5D2-16B2C0068D0D}"
EndProject
Project("{FAE04EC0-301F-11D3-BF4B-00C04F79EFBC}") = "tests", "tests\tests.csproj", "{222DB911-AD7C-4B41-B1B3-979963B4A496}"
EndProject
Global
	GlobalSection(SolutionConfigurationPlatforms) = preSolution
		Debug|Any CPU = Debug|Any CPU
		Release|Any CPU = Release|Any CPU
	EndGlobalSection
	GlobalSection(ProjectConfigurationPlatforms) = postSolution
		{4F78BC3C-5AC6-46E7-B5D2-16B2C0068D0D}.Debug|Any CPU.ActiveCfg = Debug|Any CPU
		{4F78BC3C-5AC6-46E7-B5D2-16B2C0068D0D}.Debug|Any CPU.Build.0 = Debug|Any CPU
		{4F78BC3C-5AC6-46E7-B5D2-16B2C0068D0D}.Release|Any CPU.ActiveCfg = Release|Any CPU
		{4F78BC3C-5AC6-46E7-B5D2-16B2C0068D0D}.Release|Any CPU.Build.0 = Release|Any CPU
		{222DB911-AD7C-4B41-B1B3-979963B4A496}.Debug|Any CPU.ActiveCfg = Debug|Any CPU
		{222DB911-AD7C-4B41-B1B3-979963B4A496}.Debug|Any CPU.Build.0 = Debug|Any CPU
		{222DB911-AD7C-4B41-B1B3-979963B4A496}.Release|Any CPU.ActiveCfg = Release|Any CPU
		{222DB911-AD7C-4B41-B1B3-979963B4A496}.Release|Any CPU.Build.0 = Release|Any CPU
	EndGlobalSection
	GlobalSection(SolutionProperties) = preSolution
		HideSolutionNode = FALSE
	EndGlobalSection
	GlobalSection(ExtensibilityGlobals) = postSolution
		SolutionGuid = {6E19AFED-6B50-4960-BAAF-769823BE030D}
	EndGlobalSection
EndGlobal
