
Microsoft Visual Studio Solution File, Format Version 12.00
# Visual Studio Version 17
VisualStudioVersion = 17.0.32014.148
MinimumVisualStudioVersion = 10.0.40219.1
Project("{9A19103F-16F7-4668-BE54-9A1E7A4F7556}") = "textured-raycast", "textured-raycast.csproj", "{6837D949-62DD-4B62-8030-9DF92A326FE3}"
EndProject
Global
	GlobalSection(SolutionConfigurationPlatforms) = preSolution
		Debug|Any CPU = Debug|Any CPU
		Release|Any CPU = Release|Any CPU
	EndGlobalSection
	GlobalSection(ProjectConfigurationPlatforms) = postSolution
		{6837D949-62DD-4B62-8030-9DF92A326FE3}.Debug|Any CPU.ActiveCfg = Debug|Any CPU
		{6837D949-62DD-4B62-8030-9DF92A326FE3}.Debug|Any CPU.Build.0 = Debug|Any CPU
		{6837D949-62DD-4B62-8030-9DF92A326FE3}.Release|Any CPU.ActiveCfg = Release|Any CPU
		{6837D949-62DD-4B62-8030-9DF92A326FE3}.Release|Any CPU.Build.0 = Release|Any CPU
	EndGlobalSection
	GlobalSection(SolutionProperties) = preSolution
		HideSolutionNode = FALSE
	EndGlobalSection
	GlobalSection(ExtensibilityGlobals) = postSolution
		SolutionGuid = {6E19AFED-6B50-4960-BAAF-769823BE030D}
	EndGlobalSection
EndGlobal
